{
  "pins" : [
    {
      "identity" : "sdscgextension",
      "kind" : "remoteSourceControl",
      "location" : "https://github.com/tyagishi/SDSCGExtension",
      "state" : {
        "revision" : "ec556ea951b3b6300e60614f0148015663b2368d",
        "version" : "1.3.5"
      }
    },
    {
      "identity" : "sdsdatastructure",
      "kind" : "remoteSourceControl",
      "location" : "https://github.com/tyagishi/SDSDataStructure",
      "state" : {
        "revision" : "23e30c9def89d8e59ac8169b1ec2cfe30f0a0c91",
        "version" : "4.0.12"
      }
    },
    {
      "identity" : "sdsfoundationextension",
      "kind" : "remoteSourceControl",
      "location" : "https://github.com/tyagishi/SDSFoundationExtension",
      "state" : {
        "revision" : "99abea726ba1b12208b90607f9704279bb254140",
        "version" : "1.3.3"
      }
    },
    {
      "identity" : "sdsmacros",
      "kind" : "remoteSourceControl",
      "location" : "https://github.com/tyagishi/SDSMacros",
      "state" : {
        "revision" : "d34f89b78be9cd07c9197400e838541cd9a8f6bb",
        "version" : "2.0.1"
      }
    },
    {
      "identity" : "sdsstringextension",
      "kind" : "remoteSourceControl",
      "location" : "https://github.com/tyagishi/SDSStringExtension",
      "state" : {
        "revision" : "597e89e438ac4055652c5ab9b3e881a3aa2f2cfd",
        "version" : "1.4.1"
      }
    },
    {
      "identity" : "sdsviewextension",
      "kind" : "remoteSourceControl",
      "location" : "https://github.com/tyagishi/SDSViewExtension",
      "state" : {
        "revision" : "41f5e12536dba76c3582299d2b1d194f716a3cbf",
        "version" : "4.2.0"
      }
    },
    {
      "identity" : "swift-syntax",
      "kind" : "remoteSourceControl",
      "location" : "https://github.com/apple/swift-syntax.git",
      "state" : {
        "revision" : "2bc86522d115234d1f588efe2bcb4ce4be8f8b82",
        "version" : "510.0.3"
      }
    },
    {
      "identity" : "swiftlintplugins",
      "kind" : "remoteSourceControl",
      "location" : "https://github.com/SimplyDanny/SwiftLintPlugins",
      "state" : {
        "revision" : "9ad9487c2448b3f1265ea2cc8af246b9cae6878d",
        "version" : "0.56.1"
      }
    },
    {
      "identity" : "viewinspector",
      "kind" : "remoteSourceControl",
      "location" : "https://github.com/nalexn/ViewInspector",
      "state" : {
        "branch" : "0.10.0",
        "revision" : "5acfa0a3c095ac9ad050abe51c60d1831e8321da"
      }
    }
  ],
  "version" : 2
}
